
Microsoft Visual Studio Solution File, Format Version 12.00
# Visual Studio Version 17
VisualStudioVersion = 17.12.35728.132
MinimumVisualStudioVersion = 10.0.40219.1
Project("{FAE04EC0-301F-11D3-BF4B-00C04F79EFBC}") = "SimpleMcp.Server", "SimpleMcp.Server\SimpleMcp.Server.csproj", "{BD83C057-7028-4685-9069-CDF19A440AC6}"
EndProject
Project("{FAE04EC0-301F-11D3-BF4B-00C04F79EFBC}") = "SimpleMcp.Client", "SimpleMcp.Client\SimpleMcp.Client.csproj", "{76B6B80A-E4B1-4345-B674-9821F57930D7}"
EndProject
Project("{FAE04EC0-301F-11D3-BF4B-00C04F79EFBC}") = "SimpleMcp.LLM", "SimpleMcp.LLM\SimpleMcp.LLM.csproj", "{86D58D62-EB21-4B6A-B17E-85A8A04708B5}"
EndProject
Global
	GlobalSection(SolutionConfigurationPlatforms) = preSolution
		Debug|Any CPU = Debug|Any CPU
		Release|Any CPU = Release|Any CPU
	EndGlobalSection
	GlobalSection(ProjectConfigurationPlatforms) = postSolution
		{BD83C057-7028-4685-9069-CDF19A440AC6}.Debug|Any CPU.ActiveCfg = Debug|Any CPU
		{BD83C057-7028-4685-9069-CDF19A440AC6}.Debug|Any CPU.Build.0 = Debug|Any CPU
		{BD83C057-7028-4685-9069-CDF19A440AC6}.Release|Any CPU.ActiveCfg = Release|Any CPU
		{BD83C057-7028-4685-9069-CDF19A440AC6}.Release|Any CPU.Build.0 = Release|Any CPU
		{76B6B80A-E4B1-4345-B674-9821F57930D7}.Debug|Any CPU.ActiveCfg = Debug|Any CPU
		{76B6B80A-E4B1-4345-B674-9821F57930D7}.Debug|Any CPU.Build.0 = Debug|Any CPU
		{76B6B80A-E4B1-4345-B674-9821F57930D7}.Release|Any CPU.ActiveCfg = Release|Any CPU
		{76B6B80A-E4B1-4345-B674-9821F57930D7}.Release|Any CPU.Build.0 = Release|Any CPU
		{86D58D62-EB21-4B6A-B17E-85A8A04708B5}.Debug|Any CPU.ActiveCfg = Debug|Any CPU
		{86D58D62-EB21-4B6A-B17E-85A8A04708B5}.Debug|Any CPU.Build.0 = Debug|Any CPU
		{86D58D62-EB21-4B6A-B17E-85A8A04708B5}.Release|Any CPU.ActiveCfg = Release|Any CPU
		{86D58D62-EB21-4B6A-B17E-85A8A04708B5}.Release|Any CPU.Build.0 = Release|Any CPU
	EndGlobalSection
	GlobalSection(SolutionProperties) = preSolution
		HideSolutionNode = FALSE
	EndGlobalSection
EndGlobal
